// !$*UTF8*$!
{
	archiveVersion = 1;
	classes = {
	};
	objectVersion = 56;
	objects = {

/* Begin PBXBuildFile section */
		A810E2D52B20C19100A772AB /* ArticleDetailViewController.swift in Sources */ = {isa = PBXBuildFile; fileRef = A810E2D42B20C19100A772AB /* ArticleDetailViewController.swift */; };
		A810E2DC2B20C20B00A772AB /* ArticleDetailRouter.swift in Sources */ = {isa = PBXBuildFile; fileRef = A810E2DB2B20C20B00A772AB /* ArticleDetailRouter.swift */; };
		A810E2DE2B20C21300A772AB /* ArticleDetailPresenter.swift in Sources */ = {isa = PBXBuildFile; fileRef = A810E2DD2B20C21300A772AB /* ArticleDetailPresenter.swift */; };
		A82DBB132B25B4920016514F /* ArticleDetailViewController.xib in Resources */ = {isa = PBXBuildFile; fileRef = A82DBB122B25B4920016514F /* ArticleDetailViewController.xib */; };
		A82DBB172B2606890016514F /* AppEnvironment.swift in Sources */ = {isa = PBXBuildFile; fileRef = A82DBB162B2606890016514F /* AppEnvironment.swift */; };
		A868D6F92B39A62200C9D562 /* Environment in Frameworks */ = {isa = PBXBuildFile; productRef = A868D6F82B39A62200C9D562 /* Environment */; };
		A87A46632B29DE9400E95F32 /* Usecase in Frameworks */ = {isa = PBXBuildFile; productRef = A87A46622B29DE9400E95F32 /* Usecase */; };
		A87A46652B29E08600E95F32 /* Infra in Frameworks */ = {isa = PBXBuildFile; productRef = A87A46642B29E08600E95F32 /* Infra */; };
		A87A46672B29E3AE00E95F32 /* DomainModel in Frameworks */ = {isa = PBXBuildFile; productRef = A87A46662B29E3AE00E95F32 /* DomainModel */; };
		A87A46692B29E62100E95F32 /* Protocol in Frameworks */ = {isa = PBXBuildFile; productRef = A87A46682B29E62100E95F32 /* Protocol */; };
		A8979AC92AB56FF400465E7B /* Main.swift in Sources */ = {isa = PBXBuildFile; fileRef = A8979AC82AB56FF400465E7B /* Main.swift */; };
		A8979ACD2AB56FF700465E7B /* Assets.xcassets in Resources */ = {isa = PBXBuildFile; fileRef = A8979ACC2AB56FF700465E7B /* Assets.xcassets */; };
		A8979AD02AB56FF700465E7B /* Preview Assets.xcassets in Resources */ = {isa = PBXBuildFile; fileRef = A8979ACF2AB56FF700465E7B /* Preview Assets.xcassets */; };
		A8E338302AB5725100385507 /* Feature in Frameworks */ = {isa = PBXBuildFile; productRef = A8E3382F2AB5725100385507 /* Feature */; };
		A8EF65F92AD190B800717823 /* DevStandardTests.swift in Sources */ = {isa = PBXBuildFile; fileRef = A8EF65F82AD190B800717823 /* DevStandardTests.swift */; };
/* End PBXBuildFile section */

/* Begin PBXContainerItemProxy section */
		A8EF65FA2AD190B800717823 /* PBXContainerItemProxy */ = {
			isa = PBXContainerItemProxy;
			containerPortal = A8979ABD2AB56FF400465E7B /* Project object */;
			proxyType = 1;
			remoteGlobalIDString = A8979AC42AB56FF400465E7B;
			remoteInfo = DevStandard;
		};
/* End PBXContainerItemProxy section */

/* Begin PBXFileReference section */
		A810E2D42B20C19100A772AB /* ArticleDetailViewController.swift */ = {isa = PBXFileReference; lastKnownFileType = sourcecode.swift; path = ArticleDetailViewController.swift; sourceTree = "<group>"; };
		A810E2DB2B20C20B00A772AB /* ArticleDetailRouter.swift */ = {isa = PBXFileReference; lastKnownFileType = sourcecode.swift; path = ArticleDetailRouter.swift; sourceTree = "<group>"; };
		A810E2DD2B20C21300A772AB /* ArticleDetailPresenter.swift */ = {isa = PBXFileReference; lastKnownFileType = sourcecode.swift; path = ArticleDetailPresenter.swift; sourceTree = "<group>"; };
		A82DBB122B25B4920016514F /* ArticleDetailViewController.xib */ = {isa = PBXFileReference; lastKnownFileType = file.xib; path = ArticleDetailViewController.xib; sourceTree = "<group>"; };
		A82DBB162B2606890016514F /* AppEnvironment.swift */ = {isa = PBXFileReference; lastKnownFileType = sourcecode.swift; path = AppEnvironment.swift; sourceTree = "<group>"; };
		A8979AC52AB56FF400465E7B /* DevStandard.app */ = {isa = PBXFileReference; explicitFileType = wrapper.application; includeInIndex = 0; path = DevStandard.app; sourceTree = BUILT_PRODUCTS_DIR; };
		A8979AC82AB56FF400465E7B /* Main.swift */ = {isa = PBXFileReference; lastKnownFileType = sourcecode.swift; path = Main.swift; sourceTree = "<group>"; };
		A8979ACC2AB56FF700465E7B /* Assets.xcassets */ = {isa = PBXFileReference; lastKnownFileType = folder.assetcatalog; path = Assets.xcassets; sourceTree = "<group>"; };
		A8979ACF2AB56FF700465E7B /* Preview Assets.xcassets */ = {isa = PBXFileReference; lastKnownFileType = folder.assetcatalog; path = "Preview Assets.xcassets"; sourceTree = "<group>"; };
		A8EF65F62AD190B800717823 /* DevStandardTests.xctest */ = {isa = PBXFileReference; explicitFileType = wrapper.cfbundle; includeInIndex = 0; path = DevStandardTests.xctest; sourceTree = BUILT_PRODUCTS_DIR; };
		A8EF65F82AD190B800717823 /* DevStandardTests.swift */ = {isa = PBXFileReference; lastKnownFileType = sourcecode.swift; path = DevStandardTests.swift; sourceTree = "<group>"; };
/* End PBXFileReference section */

/* Begin PBXFrameworksBuildPhase section */
		A8979AC22AB56FF400465E7B /* Frameworks */ = {
			isa = PBXFrameworksBuildPhase;
			buildActionMask = 2147483647;
			files = (
				A87A46672B29E3AE00E95F32 /* DomainModel in Frameworks */,
				A87A46632B29DE9400E95F32 /* Usecase in Frameworks */,
				A87A46692B29E62100E95F32 /* Protocol in Frameworks */,
				A87A46652B29E08600E95F32 /* Infra in Frameworks */,
				A868D6F92B39A62200C9D562 /* Environment in Frameworks */,
				A8E338302AB5725100385507 /* Feature in Frameworks */,
			);
			runOnlyForDeploymentPostprocessing = 0;
		};
		A8EF65F32AD190B800717823 /* Frameworks */ = {
			isa = PBXFrameworksBuildPhase;
			buildActionMask = 2147483647;
			files = (
			);
			runOnlyForDeploymentPostprocessing = 0;
		};
/* End PBXFrameworksBuildPhase section */

/* Begin PBXGroup section */
		A810E2D62B20C1CD00A772AB /* Module */ = {
			isa = PBXGroup;
			children = (
				A810E2D72B20C1E000A772AB /* ArticleDetail */,
			);
			path = Module;
			sourceTree = "<group>";
		};
		A810E2D72B20C1E000A772AB /* ArticleDetail */ = {
			isa = PBXGroup;
			children = (
				A810E2D92B20C1EF00A772AB /* Presenter */,
				A810E2DA2B20C1F500A772AB /* Router */,
				A810E2D82B20C1E400A772AB /* View */,
			);
			path = ArticleDetail;
			sourceTree = "<group>";
		};
		A810E2D82B20C1E400A772AB /* View */ = {
			isa = PBXGroup;
			children = (
				A810E2D42B20C19100A772AB /* ArticleDetailViewController.swift */,
				A82DBB122B25B4920016514F /* ArticleDetailViewController.xib */,
			);
			path = View;
			sourceTree = "<group>";
		};
		A810E2D92B20C1EF00A772AB /* Presenter */ = {
			isa = PBXGroup;
			children = (
				A810E2DD2B20C21300A772AB /* ArticleDetailPresenter.swift */,
			);
			path = Presenter;
			sourceTree = "<group>";
		};
		A810E2DA2B20C1F500A772AB /* Router */ = {
			isa = PBXGroup;
			children = (
				A810E2DB2B20C20B00A772AB /* ArticleDetailRouter.swift */,
			);
			path = Router;
			sourceTree = "<group>";
		};
		A8979ABC2AB56FF400465E7B = {
			isa = PBXGroup;
			children = (
				A8979AC72AB56FF400465E7B /* DevStandard */,
				A8EF65F72AD190B800717823 /* DevStandardTests */,
				A8979AC62AB56FF400465E7B /* Products */,
				A8E3382E2AB5725100385507 /* Frameworks */,
			);
			sourceTree = "<group>";
		};
		A8979AC62AB56FF400465E7B /* Products */ = {
			isa = PBXGroup;
			children = (
				A8979AC52AB56FF400465E7B /* DevStandard.app */,
				A8EF65F62AD190B800717823 /* DevStandardTests.xctest */,
			);
			name = Products;
			sourceTree = "<group>";
		};
		A8979AC72AB56FF400465E7B /* DevStandard */ = {
			isa = PBXGroup;
			children = (
				A8979AC82AB56FF400465E7B /* Main.swift */,
				A82DBB162B2606890016514F /* AppEnvironment.swift */,
				A810E2D62B20C1CD00A772AB /* Module */,
				A8979ACC2AB56FF700465E7B /* Assets.xcassets */,
				A8979ACE2AB56FF700465E7B /* Preview Content */,
			);
			path = DevStandard;
			sourceTree = "<group>";
		};
		A8979ACE2AB56FF700465E7B /* Preview Content */ = {
			isa = PBXGroup;
			children = (
				A8979ACF2AB56FF700465E7B /* Preview Assets.xcassets */,
			);
			path = "Preview Content";
			sourceTree = "<group>";
		};
		A8E3382E2AB5725100385507 /* Frameworks */ = {
			isa = PBXGroup;
			children = (
			);
			name = Frameworks;
			sourceTree = "<group>";
		};
		A8EF65F72AD190B800717823 /* DevStandardTests */ = {
			isa = PBXGroup;
			children = (
				A8EF65F82AD190B800717823 /* DevStandardTests.swift */,
			);
			path = DevStandardTests;
			sourceTree = "<group>";
		};
/* End PBXGroup section */

/* Begin PBXNativeTarget section */
		A8979AC42AB56FF400465E7B /* DevStandard */ = {
			isa = PBXNativeTarget;
			buildConfigurationList = A8979AD32AB56FF700465E7B /* Build configuration list for PBXNativeTarget "DevStandard" */;
			buildPhases = (
				A8979AC12AB56FF400465E7B /* Sources */,
				A8979AC22AB56FF400465E7B /* Frameworks */,
				A8979AC32AB56FF400465E7B /* Resources */,
			);
			buildRules = (
			);
			dependencies = (
			);
			name = DevStandard;
			packageProductDependencies = (
				A8E3382F2AB5725100385507 /* Feature */,
				A87A46622B29DE9400E95F32 /* Usecase */,
				A87A46642B29E08600E95F32 /* Infra */,
				A87A46662B29E3AE00E95F32 /* DomainModel */,
				A87A46682B29E62100E95F32 /* Protocol */,
				A868D6F82B39A62200C9D562 /* Environment */,
			);
			productName = DevStandard;
			productReference = A8979AC52AB56FF400465E7B /* DevStandard.app */;
			productType = "com.apple.product-type.application";
		};
		A8EF65F52AD190B800717823 /* DevStandardTests */ = {
			isa = PBXNativeTarget;
			buildConfigurationList = A8EF65FE2AD190B800717823 /* Build configuration list for PBXNativeTarget "DevStandardTests" */;
			buildPhases = (
				A8EF65F22AD190B800717823 /* Sources */,
				A8EF65F32AD190B800717823 /* Frameworks */,
				A8EF65F42AD190B800717823 /* Resources */,
			);
			buildRules = (
			);
			dependencies = (
				A8EF65FB2AD190B800717823 /* PBXTargetDependency */,
			);
			name = DevStandardTests;
			packageProductDependencies = (
			);
			productName = DevStandardTests;
			productReference = A8EF65F62AD190B800717823 /* DevStandardTests.xctest */;
			productType = "com.apple.product-type.bundle.unit-test";
		};
/* End PBXNativeTarget section */

/* Begin PBXProject section */
		A8979ABD2AB56FF400465E7B /* Project object */ = {
			isa = PBXProject;
			attributes = {
				BuildIndependentTargetsInParallel = 1;
				LastSwiftUpdateCheck = 1500;
				LastUpgradeCheck = 1500;
				TargetAttributes = {
					A8979AC42AB56FF400465E7B = {
						CreatedOnToolsVersion = 15.0;
					};
					A8EF65F52AD190B800717823 = {
						CreatedOnToolsVersion = 15.0;
						TestTargetID = A8979AC42AB56FF400465E7B;
					};
				};
			};
			buildConfigurationList = A8979AC02AB56FF400465E7B /* Build configuration list for PBXProject "DevStandard" */;
			compatibilityVersion = "Xcode 14.0";
			developmentRegion = en;
			hasScannedForEncodings = 0;
			knownRegions = (
				en,
				Base,
			);
			mainGroup = A8979ABC2AB56FF400465E7B;
			packageReferences = (
			);
			productRefGroup = A8979AC62AB56FF400465E7B /* Products */;
			projectDirPath = "";
			projectRoot = "";
			targets = (
				A8979AC42AB56FF400465E7B /* DevStandard */,
				A8EF65F52AD190B800717823 /* DevStandardTests */,
			);
		};
/* End PBXProject section */

/* Begin PBXResourcesBuildPhase section */
		A8979AC32AB56FF400465E7B /* Resources */ = {
			isa = PBXResourcesBuildPhase;
			buildActionMask = 2147483647;
			files = (
				A8979AD02AB56FF700465E7B /* Preview Assets.xcassets in Resources */,
				A82DBB132B25B4920016514F /* ArticleDetailViewController.xib in Resources */,
				A8979ACD2AB56FF700465E7B /* Assets.xcassets in Resources */,
			);
			runOnlyForDeploymentPostprocessing = 0;
		};
		A8EF65F42AD190B800717823 /* Resources */ = {
			isa = PBXResourcesBuildPhase;
			buildActionMask = 2147483647;
			files = (
			);
			runOnlyForDeploymentPostprocessing = 0;
		};
/* End PBXResourcesBuildPhase section */

/* Begin PBXSourcesBuildPhase section */
		A8979AC12AB56FF400465E7B /* Sources */ = {
			isa = PBXSourcesBuildPhase;
			buildActionMask = 2147483647;
			files = (
				A810E2DC2B20C20B00A772AB /* ArticleDetailRouter.swift in Sources */,
				A810E2DE2B20C21300A772AB /* ArticleDetailPresenter.swift in Sources */,
				A8979AC92AB56FF400465E7B /* Main.swift in Sources */,
				A810E2D52B20C19100A772AB /* ArticleDetailViewController.swift in Sources */,
				A82DBB172B2606890016514F /* AppEnvironment.swift in Sources */,
			);
			runOnlyForDeploymentPostprocessing = 0;
		};
		A8EF65F22AD190B800717823 /* Sources */ = {
			isa = PBXSourcesBuildPhase;
			buildActionMask = 2147483647;
			files = (
				A8EF65F92AD190B800717823 /* DevStandardTests.swift in Sources */,
			);
			runOnlyForDeploymentPostprocessing = 0;
		};
/* End PBXSourcesBuildPhase section */

/* Begin PBXTargetDependency section */
		A8EF65FB2AD190B800717823 /* PBXTargetDependency */ = {
			isa = PBXTargetDependency;
			target = A8979AC42AB56FF400465E7B /* DevStandard */;
			targetProxy = A8EF65FA2AD190B800717823 /* PBXContainerItemProxy */;
		};
/* End PBXTargetDependency section */

/* Begin XCBuildConfiguration section */
		A8979AD12AB56FF700465E7B /* Debug */ = {
			isa = XCBuildConfiguration;
			buildSettings = {
				ALWAYS_SEARCH_USER_PATHS = NO;
				ASSETCATALOG_COMPILER_GENERATE_SWIFT_ASSET_SYMBOL_EXTENSIONS = YES;
				CLANG_ANALYZER_NONNULL = YES;
				CLANG_ANALYZER_NUMBER_OBJECT_CONVERSION = YES_AGGRESSIVE;
				CLANG_CXX_LANGUAGE_STANDARD = "gnu++20";
				CLANG_ENABLE_MODULES = YES;
				CLANG_ENABLE_OBJC_ARC = YES;
				CLANG_ENABLE_OBJC_WEAK = YES;
				CLANG_WARN_BLOCK_CAPTURE_AUTORELEASING = YES;
				CLANG_WARN_BOOL_CONVERSION = YES;
				CLANG_WARN_COMMA = YES;
				CLANG_WARN_CONSTANT_CONVERSION = YES;
				CLANG_WARN_DEPRECATED_OBJC_IMPLEMENTATIONS = YES;
				CLANG_WARN_DIRECT_OBJC_ISA_USAGE = YES_ERROR;
				CLANG_WARN_DOCUMENTATION_COMMENTS = YES;
				CLANG_WARN_EMPTY_BODY = YES;
				CLANG_WARN_ENUM_CONVERSION = YES;
				CLANG_WARN_INFINITE_RECURSION = YES;
				CLANG_WARN_INT_CONVERSION = YES;
				CLANG_WARN_NON_LITERAL_NULL_CONVERSION = YES;
				CLANG_WARN_OBJC_IMPLICIT_RETAIN_SELF = YES;
				CLANG_WARN_OBJC_LITERAL_CONVERSION = YES;
				CLANG_WARN_OBJC_ROOT_CLASS = YES_ERROR;
				CLANG_WARN_QUOTED_INCLUDE_IN_FRAMEWORK_HEADER = YES;
				CLANG_WARN_RANGE_LOOP_ANALYSIS = YES;
				CLANG_WARN_STRICT_PROTOTYPES = YES;
				CLANG_WARN_SUSPICIOUS_MOVE = YES;
				CLANG_WARN_UNGUARDED_AVAILABILITY = YES_AGGRESSIVE;
				CLANG_WARN_UNREACHABLE_CODE = YES;
				CLANG_WARN__DUPLICATE_METHOD_MATCH = YES;
				COPY_PHASE_STRIP = NO;
				DEBUG_INFORMATION_FORMAT = dwarf;
				ENABLE_STRICT_OBJC_MSGSEND = YES;
				ENABLE_TESTABILITY = YES;
				ENABLE_USER_SCRIPT_SANDBOXING = YES;
				GCC_C_LANGUAGE_STANDARD = gnu17;
				GCC_DYNAMIC_NO_PIC = NO;
				GCC_NO_COMMON_BLOCKS = YES;
				GCC_OPTIMIZATION_LEVEL = 0;
				GCC_PREPROCESSOR_DEFINITIONS = (
					"DEBUG=1",
					"$(inherited)",
				);
				GCC_WARN_64_TO_32_BIT_CONVERSION = YES;
				GCC_WARN_ABOUT_RETURN_TYPE = YES_ERROR;
				GCC_WARN_UNDECLARED_SELECTOR = YES;
				GCC_WARN_UNINITIALIZED_AUTOS = YES_AGGRESSIVE;
				GCC_WARN_UNUSED_FUNCTION = YES;
				GCC_WARN_UNUSED_VARIABLE = YES;
				IPHONEOS_DEPLOYMENT_TARGET = 17.0;
				LOCALIZATION_PREFERS_STRING_CATALOGS = YES;
				MTL_ENABLE_DEBUG_INFO = INCLUDE_SOURCE;
				MTL_FAST_MATH = YES;
				ONLY_ACTIVE_ARCH = YES;
				SDKROOT = iphoneos;
				SWIFT_ACTIVE_COMPILATION_CONDITIONS = "DEBUG $(inherited)";
				SWIFT_OPTIMIZATION_LEVEL = "-Onone";
				SWIFT_STRICT_CONCURRENCY = complete;
			};
			name = Debug;
		};
		A8979AD22AB56FF700465E7B /* Release */ = {
			isa = XCBuildConfiguration;
			buildSettings = {
				ALWAYS_SEARCH_USER_PATHS = NO;
				ASSETCATALOG_COMPILER_GENERATE_SWIFT_ASSET_SYMBOL_EXTENSIONS = YES;
				CLANG_ANALYZER_NONNULL = YES;
				CLANG_ANALYZER_NUMBER_OBJECT_CONVERSION = YES_AGGRESSIVE;
				CLANG_CXX_LANGUAGE_STANDARD = "gnu++20";
				CLANG_ENABLE_MODULES = YES;
				CLANG_ENABLE_OBJC_ARC = YES;
				CLANG_ENABLE_OBJC_WEAK = YES;
				CLANG_WARN_BLOCK_CAPTURE_AUTORELEASING = YES;
				CLANG_WARN_BOOL_CONVERSION = YES;
				CLANG_WARN_COMMA = YES;
				CLANG_WARN_CONSTANT_CONVERSION = YES;
				CLANG_WARN_DEPRECATED_OBJC_IMPLEMENTATIONS = YES;
				CLANG_WARN_DIRECT_OBJC_ISA_USAGE = YES_ERROR;
				CLANG_WARN_DOCUMENTATION_COMMENTS = YES;
				CLANG_WARN_EMPTY_BODY = YES;
				CLANG_WARN_ENUM_CONVERSION = YES;
				CLANG_WARN_INFINITE_RECURSION = YES;
				CLANG_WARN_INT_CONVERSION = YES;
				CLANG_WARN_NON_LITERAL_NULL_CONVERSION = YES;
				CLANG_WARN_OBJC_IMPLICIT_RETAIN_SELF = YES;
				CLANG_WARN_OBJC_LITERAL_CONVERSION = YES;
				CLANG_WARN_OBJC_ROOT_CLASS = YES_ERROR;
				CLANG_WARN_QUOTED_INCLUDE_IN_FRAMEWORK_HEADER = YES;
				CLANG_WARN_RANGE_LOOP_ANALYSIS = YES;
				CLANG_WARN_STRICT_PROTOTYPES = YES;
				CLANG_WARN_SUSPICIOUS_MOVE = YES;
				CLANG_WARN_UNGUARDED_AVAILABILITY = YES_AGGRESSIVE;
				CLANG_WARN_UNREACHABLE_CODE = YES;
				CLANG_WARN__DUPLICATE_METHOD_MATCH = YES;
				COPY_PHASE_STRIP = NO;
				DEBUG_INFORMATION_FORMAT = "dwarf-with-dsym";
				ENABLE_NS_ASSERTIONS = NO;
				ENABLE_STRICT_OBJC_MSGSEND = YES;
				ENABLE_USER_SCRIPT_SANDBOXING = YES;
				GCC_C_LANGUAGE_STANDARD = gnu17;
				GCC_NO_COMMON_BLOCKS = YES;
				GCC_WARN_64_TO_32_BIT_CONVERSION = YES;
				GCC_WARN_ABOUT_RETURN_TYPE = YES_ERROR;
				GCC_WARN_UNDECLARED_SELECTOR = YES;
				GCC_WARN_UNINITIALIZED_AUTOS = YES_AGGRESSIVE;
				GCC_WARN_UNUSED_FUNCTION = YES;
				GCC_WARN_UNUSED_VARIABLE = YES;
				IPHONEOS_DEPLOYMENT_TARGET = 17.0;
				LOCALIZATION_PREFERS_STRING_CATALOGS = YES;
				MTL_ENABLE_DEBUG_INFO = NO;
				MTL_FAST_MATH = YES;
				SDKROOT = iphoneos;
				SWIFT_COMPILATION_MODE = wholemodule;
				SWIFT_STRICT_CONCURRENCY = complete;
				VALIDATE_PRODUCT = YES;
			};
			name = Release;
		};
		A8979AD42AB56FF700465E7B /* Debug */ = {
			isa = XCBuildConfiguration;
			buildSettings = {
				ASSETCATALOG_COMPILER_APPICON_NAME = AppIcon;
				ASSETCATALOG_COMPILER_GLOBAL_ACCENT_COLOR_NAME = AccentColor;
				CODE_SIGN_STYLE = Automatic;
				CURRENT_PROJECT_VERSION = 1;
				DEVELOPMENT_ASSET_PATHS = "\"DevStandard/Preview Content\"";
				DEVELOPMENT_TEAM = 2D8FGCF2N4;
				ENABLE_PREVIEWS = YES;
				GENERATE_INFOPLIST_FILE = YES;
				INFOPLIST_KEY_UIApplicationSceneManifest_Generation = YES;
				INFOPLIST_KEY_UIApplicationSupportsIndirectInputEvents = YES;
				INFOPLIST_KEY_UILaunchScreen_Generation = YES;
				INFOPLIST_KEY_UISupportedInterfaceOrientations_iPad = "UIInterfaceOrientationPortrait UIInterfaceOrientationPortraitUpsideDown UIInterfaceOrientationLandscapeLeft UIInterfaceOrientationLandscapeRight";
				INFOPLIST_KEY_UISupportedInterfaceOrientations_iPhone = "UIInterfaceOrientationPortrait UIInterfaceOrientationLandscapeLeft UIInterfaceOrientationLandscapeRight";
				LD_RUNPATH_SEARCH_PATHS = (
					"$(inherited)",
					"@executable_path/Frameworks",
				);
				MARKETING_VERSION = 1.0;
				PRODUCT_BUNDLE_IDENTIFIER = "t-toshasegaw.DevStandard";
				PRODUCT_NAME = "$(TARGET_NAME)";
				SWIFT_EMIT_LOC_STRINGS = YES;
				SWIFT_VERSION = 5.0;
				TARGETED_DEVICE_FAMILY = "1,2";
			};
			name = Debug;
		};
		A8979AD52AB56FF700465E7B /* Release */ = {
			isa = XCBuildConfiguration;
			buildSettings = {
				ASSETCATALOG_COMPILER_APPICON_NAME = AppIcon;
				ASSETCATALOG_COMPILER_GLOBAL_ACCENT_COLOR_NAME = AccentColor;
				CODE_SIGN_STYLE = Automatic;
				CURRENT_PROJECT_VERSION = 1;
				DEVELOPMENT_ASSET_PATHS = "\"DevStandard/Preview Content\"";
				DEVELOPMENT_TEAM = 2D8FGCF2N4;
				ENABLE_PREVIEWS = YES;
				GENERATE_INFOPLIST_FILE = YES;
				INFOPLIST_KEY_UIApplicationSceneManifest_Generation = YES;
				INFOPLIST_KEY_UIApplicationSupportsIndirectInputEvents = YES;
				INFOPLIST_KEY_UILaunchScreen_Generation = YES;
				INFOPLIST_KEY_UISupportedInterfaceOrientations_iPad = "UIInterfaceOrientationPortrait UIInterfaceOrientationPortraitUpsideDown UIInterfaceOrientationLandscapeLeft UIInterfaceOrientationLandscapeRight";
				INFOPLIST_KEY_UISupportedInterfaceOrientations_iPhone = "UIInterfaceOrientationPortrait UIInterfaceOrientationLandscapeLeft UIInterfaceOrientationLandscapeRight";
				LD_RUNPATH_SEARCH_PATHS = (
					"$(inherited)",
					"@executable_path/Frameworks",
				);
				MARKETING_VERSION = 1.0;
				PRODUCT_BUNDLE_IDENTIFIER = "t-toshasegaw.DevStandard";
				PRODUCT_NAME = "$(TARGET_NAME)";
				SWIFT_EMIT_LOC_STRINGS = YES;
				SWIFT_VERSION = 5.0;
				TARGETED_DEVICE_FAMILY = "1,2";
			};
			name = Release;
		};
		A8EF65FC2AD190B800717823 /* Debug */ = {
			isa = XCBuildConfiguration;
			buildSettings = {
				BUNDLE_LOADER = "$(TEST_HOST)";
				CODE_SIGN_STYLE = Automatic;
				CURRENT_PROJECT_VERSION = 1;
				DEVELOPMENT_TEAM = 2D8FGCF2N4;
				GENERATE_INFOPLIST_FILE = YES;
				MARKETING_VERSION = 1.0;
				PRODUCT_BUNDLE_IDENTIFIER = "t-toshasegaw.DevStandardTests";
				PRODUCT_NAME = "$(TARGET_NAME)";
				SWIFT_EMIT_LOC_STRINGS = NO;
				SWIFT_VERSION = 5.0;
				TARGETED_DEVICE_FAMILY = "1,2";
				TEST_HOST = "$(BUILT_PRODUCTS_DIR)/DevStandard.app/$(BUNDLE_EXECUTABLE_FOLDER_PATH)/DevStandard";
			};
			name = Debug;
		};
		A8EF65FD2AD190B800717823 /* Release */ = {
			isa = XCBuildConfiguration;
			buildSettings = {
				BUNDLE_LOADER = "$(TEST_HOST)";
				CODE_SIGN_STYLE = Automatic;
				CURRENT_PROJECT_VERSION = 1;
				DEVELOPMENT_TEAM = 2D8FGCF2N4;
				GENERATE_INFOPLIST_FILE = YES;
				MARKETING_VERSION = 1.0;
				PRODUCT_BUNDLE_IDENTIFIER = "t-toshasegaw.DevStandardTests";
				PRODUCT_NAME = "$(TARGET_NAME)";
				SWIFT_EMIT_LOC_STRINGS = NO;
				SWIFT_VERSION = 5.0;
				TARGETED_DEVICE_FAMILY = "1,2";
				TEST_HOST = "$(BUILT_PRODUCTS_DIR)/DevStandard.app/$(BUNDLE_EXECUTABLE_FOLDER_PATH)/DevStandard";
			};
			name = Release;
		};
/* End XCBuildConfiguration section */

/* Begin XCConfigurationList section */
		A8979AC02AB56FF400465E7B /* Build configuration list for PBXProject "DevStandard" */ = {
			isa = XCConfigurationList;
			buildConfigurations = (
				A8979AD12AB56FF700465E7B /* Debug */,
				A8979AD22AB56FF700465E7B /* Release */,
			);
			defaultConfigurationIsVisible = 0;
			defaultConfigurationName = Release;
		};
		A8979AD32AB56FF700465E7B /* Build configuration list for PBXNativeTarget "DevStandard" */ = {
			isa = XCConfigurationList;
			buildConfigurations = (
				A8979AD42AB56FF700465E7B /* Debug */,
				A8979AD52AB56FF700465E7B /* Release */,
			);
			defaultConfigurationIsVisible = 0;
			defaultConfigurationName = Release;
		};
		A8EF65FE2AD190B800717823 /* Build configuration list for PBXNativeTarget "DevStandardTests" */ = {
			isa = XCConfigurationList;
			buildConfigurations = (
				A8EF65FC2AD190B800717823 /* Debug */,
				A8EF65FD2AD190B800717823 /* Release */,
			);
			defaultConfigurationIsVisible = 0;
			defaultConfigurationName = Release;
		};
/* End XCConfigurationList section */

/* Begin XCSwiftPackageProductDependency section */
		A868D6F82B39A62200C9D562 /* Environment */ = {
			isa = XCSwiftPackageProductDependency;
			productName = Environment;
		};
		A87A46622B29DE9400E95F32 /* Usecase */ = {
			isa = XCSwiftPackageProductDependency;
			productName = Usecase;
		};
		A87A46642B29E08600E95F32 /* Infra */ = {
			isa = XCSwiftPackageProductDependency;
			productName = Infra;
		};
		A87A46662B29E3AE00E95F32 /* DomainModel */ = {
			isa = XCSwiftPackageProductDependency;
			productName = DomainModel;
		};
		A87A46682B29E62100E95F32 /* Protocol */ = {
			isa = XCSwiftPackageProductDependency;
			productName = Protocol;
		};
		A8E3382F2AB5725100385507 /* Feature */ = {
			isa = XCSwiftPackageProductDependency;
			productName = Feature;
		};
/* End XCSwiftPackageProductDependency section */
	};
	rootObject = A8979ABD2AB56FF400465E7B /* Project object */;
}
